
Microsoft Visual Studio Solution File, Format Version 12.00
# Visual Studio 15
VisualStudioVersion = 15.0.28307.136
MinimumVisualStudioVersion = 10.0.40219.1
Project("{FAE04EC0-301F-11D3-BF4B-00C04F79EFBC}") = "Inheritance_Drill", "Inheritance_Drill\Inheritance_Drill.csproj", "{374727B8-AD5E-4600-B720-4F025EEC0949}"
EndProject
Global
	GlobalSection(SolutionConfigurationPlatforms) = preSolution
		Debug|Any CPU = Debug|Any CPU
		Release|Any CPU = Release|Any CPU
	EndGlobalSection
	GlobalSection(ProjectConfigurationPlatforms) = postSolution
		{374727B8-AD5E-4600-B720-4F025EEC0949}.Debug|Any CPU.ActiveCfg = Debug|Any CPU
		{374727B8-AD5E-4600-B720-4F025EEC0949}.Debug|Any CPU.Build.0 = Debug|Any CPU
		{374727B8-AD5E-4600-B720-4F025EEC0949}.Release|Any CPU.ActiveCfg = Release|Any CPU
		{374727B8-AD5E-4600-B720-4F025EEC0949}.Release|Any CPU.Build.0 = Release|Any CPU
	EndGlobalSection
	GlobalSection(SolutionProperties) = preSolution
		HideSolutionNode = FALSE
	EndGlobalSection
	GlobalSection(ExtensibilityGlobals) = postSolution
		SolutionGuid = {0FBA4703-EE72-4C8B-AD09-50188C5F7CDF}
	EndGlobalSection
EndGlobal
