
Microsoft Visual Studio Solution File, Format Version 12.00
# Visual Studio 15
VisualStudioVersion = 15.0.28307.329
MinimumVisualStudioVersion = 10.0.40219.1
Project("{FAE04EC0-301F-11D3-BF4B-00C04F79EFBC}") = "Insurance_Project", "Insurance_Project\Insurance_Project.csproj", "{3B8A4B2B-FB92-4C17-BE88-63BF5C25F3ED}"
EndProject
Global
	GlobalSection(SolutionConfigurationPlatforms) = preSolution
		Debug|Any CPU = Debug|Any CPU
		Release|Any CPU = Release|Any CPU
	EndGlobalSection
	GlobalSection(ProjectConfigurationPlatforms) = postSolution
		{3B8A4B2B-FB92-4C17-BE88-63BF5C25F3ED}.Debug|Any CPU.ActiveCfg = Debug|Any CPU
		{3B8A4B2B-FB92-4C17-BE88-63BF5C25F3ED}.Debug|Any CPU.Build.0 = Debug|Any CPU
		{3B8A4B2B-FB92-4C17-BE88-63BF5C25F3ED}.Release|Any CPU.ActiveCfg = Release|Any CPU
		{3B8A4B2B-FB92-4C17-BE88-63BF5C25F3ED}.Release|Any CPU.Build.0 = Release|Any CPU
	EndGlobalSection
	GlobalSection(SolutionProperties) = preSolution
		HideSolutionNode = FALSE
	EndGlobalSection
	GlobalSection(ExtensibilityGlobals) = postSolution
		SolutionGuid = {A8BFE1DA-CCE2-4380-9D73-CBE128743A1F}
	EndGlobalSection
EndGlobal
